# THIS IS AN AUTOGENERATED FILE. DO NOT EDIT THIS FILE DIRECTLY.
# yarn lockfile v1


autobind-decorator@^2.4.0:
  version "2.4.0"
  resolved "https://registry.yarnpkg.com/autobind-decorator/-/autobind-decorator-2.4.0.tgz#ea9e1c98708cf3b5b356f7cf9f10f265ff18239c"
  integrity sha512-OGYhWUO72V6DafbF8PM8rm3EPbfuyMZcJhtm5/n26IDwO18pohE4eNazLoCGhPiXOCD0gEGmrbU3849QvM8bbw==

eventemitter3@^4.0.7:
  version "4.0.7"
  resolved "https://registry.yarnpkg.com/eventemitter3/-/eventemitter3-4.0.7.tgz#2de9b68f6528d5644ef5c59526a1b4a07306169f"
  integrity sha512-8guHBZCwKnFhYdHr2ysuRWErTwhoN2X8XELRlrRwpmfeY2jjuUN4taQMsULKUVo1K4DvZl+0pgfyoysHxvmvEw==

idb-keyval@6.0.3:
  version "6.0.3"
  resolved "https://registry.yarnpkg.com/idb-keyval/-/idb-keyval-6.0.3.tgz#e47246a15e55d0fff9fa204fd9ca06f90ff30c52"
  integrity sha512-yh8V7CnE6EQMu9YDwQXhRxwZh4nv+8xm/HV4ZqK4IiYFJBWYGjJuykADJbSP+F/GDXUBwCSSNn/14IpGL81TuA==
  dependencies:
    safari-14-idb-fix "^3.0.0"

misskey-js@0.0.10:
  version "0.0.10"
  resolved "https://registry.yarnpkg.com/misskey-js/-/misskey-js-0.0.10.tgz#f305dd37cecfbaeb7a277d5e0c769ca12c6eb9a6"
  integrity sha512-2rdqFrCOwggMKYitsUPyupesqCNpNooqEHQQRfdjttbhiqLbNFJE1UuWQ04ffmiJ08UJt+1ZN2kVAYNEN3HRsg==
  dependencies:
    autobind-decorator "^2.4.0"
    eventemitter3 "^4.0.7"
    reconnecting-websocket "^4.4.0"

reconnecting-websocket@^4.4.0:
  version "4.4.0"
  resolved "https://registry.yarnpkg.com/reconnecting-websocket/-/reconnecting-websocket-4.4.0.tgz#3b0e5b96ef119e78a03135865b8bb0af1b948783"
  integrity sha512-D2E33ceRPga0NvTDhJmphEgJ7FUYF0v4lr1ki0csq06OdlxKfugGzN0dSkxM/NfqCxYELK4KcaTOUOjTV6Dcng==

safari-14-idb-fix@^3.0.0:
  version "3.0.0"
  resolved "https://registry.yarnpkg.com/safari-14-idb-fix/-/safari-14-idb-fix-3.0.0.tgz#450fc049b996ec7f3fd9ca2f89d32e0761583440"
  integrity sha512-eBNFLob4PMq8JA1dGyFn6G97q3/WzNtFK4RnzT1fnLq+9RyrGknzYiM/9B12MnKAxuj1IXr7UKYtTNtjyKMBog==
