# This file is generated by running "yarn install" inside your project.
# Manual changes might be lost - proceed with caution!

__metadata:
  version: 6
  cacheKey: 8

"@eslint/eslintrc@npm:^1.0.5":
  version: 1.0.5
  resolution: "@eslint/eslintrc@npm:1.0.5"
  dependencies:
    ajv: ^6.12.4
    debug: ^4.3.2
    espree: ^9.2.0
    globals: ^13.9.0
    ignore: ^4.0.6
    import-fresh: ^3.2.1
    js-yaml: ^4.1.0
    minimatch: ^3.0.4
    strip-json-comments: ^3.1.1
  checksum: b35b50d7b65bd8acd92a05b6fb15ac62c0cefa40dfef0324ca5bf8632bf3679bab6e173c53b3ad1e1d837701cecdbd9c144b35f46588cdf4e046a9caa272488d
  languageName: node
  linkType: hard

"@humanwhocodes/config-array@npm:^0.9.2":
  version: 0.9.3
  resolution: "@humanwhocodes/config-array@npm:0.9.3"
  dependencies:
    "@humanwhocodes/object-schema": ^1.2.1
    debug: ^4.1.1
    minimatch: ^3.0.4
  checksum: 6e5d7d274941c459bab0a14a87e372206d89fad3e4879d982edc942e8cc34da6510ea3644b8535a2a9edaa6527e91dccceabc6837ffa8ee506d66bca5d269ebc
  languageName: node
  linkType: hard

"@humanwhocodes/object-schema@npm:^1.2.1":
  version: 1.2.1
  resolution: "@humanwhocodes/object-schema@npm:1.2.1"
  checksum: a824a1ec31591231e4bad5787641f59e9633827d0a2eaae131a288d33c9ef0290bd16fda8da6f7c0fcb014147865d12118df10db57f27f41e20da92369fcb3f1
  languageName: node
  linkType: hard

"acorn-jsx@npm:^5.3.1":
  version: 5.3.2
  resolution: "acorn-jsx@npm:5.3.2"
  peerDependencies:
    acorn: ^6.0.0 || ^7.0.0 || ^8.0.0
  checksum: c3d3b2a89c9a056b205b69530a37b972b404ee46ec8e5b341666f9513d3163e2a4f214a71f4dfc7370f5a9c07472d2fd1c11c91c3f03d093e37637d95da98950
  languageName: node
  linkType: hard

"acorn@npm:^8.7.0":
  version: 8.7.0
  resolution: "acorn@npm:8.7.0"
  bin:
    acorn: bin/acorn
  checksum: e0f79409d68923fbf1aa6d4166f3eedc47955320d25c89a20cc822e6ba7c48c5963d5bc657bc242d68f7a4ac9faf96eef033e8f73656da6c640d4219935fdfd0
  languageName: node
  linkType: hard

"ajv@npm:^6.10.0, ajv@npm:^6.12.4":
  version: 6.12.6
  resolution: "ajv@npm:6.12.6"
  dependencies:
    fast-deep-equal: ^3.1.1
    fast-json-stable-stringify: ^2.0.0
    json-schema-traverse: ^0.4.1
    uri-js: ^4.2.2
  checksum: 874972efe5c4202ab0a68379481fbd3d1b5d0a7bd6d3cc21d40d3536ebff3352a2a1fabb632d4fd2cc7fe4cbdcd5ed6782084c9bbf7f32a1536d18f9da5007d4
  languageName: node
  linkType: hard

"ansi-regex@npm:^5.0.1":
  version: 5.0.1
  resolution: "ansi-regex@npm:5.0.1"
  checksum: 2aa4bb54caf2d622f1afdad09441695af2a83aa3fe8b8afa581d205e57ed4261c183c4d3877cee25794443fde5876417d859c108078ab788d6af7e4fe52eb66b
  languageName: node
  linkType: hard

"ansi-styles@npm:^4.1.0":
  version: 4.3.0
  resolution: "ansi-styles@npm:4.3.0"
  dependencies:
    color-convert: ^2.0.1
  checksum: 513b44c3b2105dd14cc42a19271e80f386466c4be574bccf60b627432f9198571ebf4ab1e4c3ba17347658f4ee1711c163d574248c0c1cdc2d5917a0ad582ec4
  languageName: node
  linkType: hard

"argparse@npm:^2.0.1":
  version: 2.0.1
  resolution: "argparse@npm:2.0.1"
  checksum: 83644b56493e89a254bae05702abf3a1101b4fa4d0ca31df1c9985275a5a5bd47b3c27b7fa0b71098d41114d8ca000e6ed90cad764b306f8a503665e4d517ced
  languageName: node
  linkType: hard

"autobind-decorator@npm:^2.4.0":
  version: 2.4.0
  resolution: "autobind-decorator@npm:2.4.0"
  checksum: 6fcc922580d3585a3aeef1a480f935c0827b1a4505b9e39ff9bcad9039958bd47b27a4e35152f566e01befb2924701dbc9f744ec29eeb880c99eef8e39fce4a3
  languageName: node
  linkType: hard

"balanced-match@npm:^1.0.0":
  version: 1.0.2
  resolution: "balanced-match@npm:1.0.2"
  checksum: 9706c088a283058a8a99e0bf91b0a2f75497f185980d9ffa8b304de1d9e58ebda7c72c07ebf01dadedaac5b2907b2c6f566f660d62bd336c3468e960403b9d65
  languageName: node
  linkType: hard

"brace-expansion@npm:^1.1.7":
  version: 1.1.11
  resolution: "brace-expansion@npm:1.1.11"
  dependencies:
    balanced-match: ^1.0.0
    concat-map: 0.0.1
  checksum: faf34a7bb0c3fcf4b59c7808bc5d2a96a40988addf2e7e09dfbb67a2251800e0d14cd2bfc1aa79174f2f5095c54ff27f46fb1289fe2d77dac755b5eb3434cc07
  languageName: node
  linkType: hard

"callsites@npm:^3.0.0":
  version: 3.1.0
  resolution: "callsites@npm:3.1.0"
  checksum: 072d17b6abb459c2ba96598918b55868af677154bec7e73d222ef95a8fdb9bbf7dae96a8421085cdad8cd190d86653b5b6dc55a4484f2e5b2e27d5e0c3fc15b3
  languageName: node
  linkType: hard

"chalk@npm:^4.0.0":
  version: 4.1.2
  resolution: "chalk@npm:4.1.2"
  dependencies:
    ansi-styles: ^4.1.0
    supports-color: ^7.1.0
  checksum: fe75c9d5c76a7a98d45495b91b2172fa3b7a09e0cc9370e5c8feb1c567b85c4288e2b3fded7cfdd7359ac28d6b3844feb8b82b8686842e93d23c827c417e83fc
  languageName: node
  linkType: hard

"color-convert@npm:^2.0.1":
  version: 2.0.1
  resolution: "color-convert@npm:2.0.1"
  dependencies:
    color-name: ~1.1.4
  checksum: 79e6bdb9fd479a205c71d89574fccfb22bd9053bd98c6c4d870d65c132e5e904e6034978e55b43d69fcaa7433af2016ee203ce76eeba9cfa554b373e7f7db336
  languageName: node
  linkType: hard

"color-name@npm:~1.1.4":
  version: 1.1.4
  resolution: "color-name@npm:1.1.4"
  checksum: b0445859521eb4021cd0fb0cc1a75cecf67fceecae89b63f62b201cca8d345baf8b952c966862a9d9a2632987d4f6581f0ec8d957dfacece86f0a7919316f610
  languageName: node
  linkType: hard

"concat-map@npm:0.0.1":
  version: 0.0.1
  resolution: "concat-map@npm:0.0.1"
  checksum: 902a9f5d8967a3e2faf138d5cb784b9979bad2e6db5357c5b21c568df4ebe62bcb15108af1b2253744844eb964fc023fbd9afbbbb6ddd0bcc204c6fb5b7bf3af
  languageName: node
  linkType: hard

"cross-spawn@npm:^7.0.2":
  version: 7.0.3
  resolution: "cross-spawn@npm:7.0.3"
  dependencies:
    path-key: ^3.1.0
    shebang-command: ^2.0.0
    which: ^2.0.1
  checksum: 671cc7c7288c3a8406f3c69a3ae2fc85555c04169e9d611def9a675635472614f1c0ed0ef80955d5b6d4e724f6ced67f0ad1bb006c2ea643488fcfef994d7f52
  languageName: node
  linkType: hard

"debug@npm:^4.1.1, debug@npm:^4.3.2":
  version: 4.3.3
  resolution: "debug@npm:4.3.3"
  dependencies:
    ms: 2.1.2
  peerDependenciesMeta:
    supports-color:
      optional: true
  checksum: 14472d56fe4a94dbcfaa6dbed2dd3849f1d72ba78104a1a328047bb564643ca49df0224c3a17fa63533fd11dd3d4c8636cd861191232a2c6735af00cc2d4de16
  languageName: node
  linkType: hard

"deep-is@npm:^0.1.3":
  version: 0.1.4
  resolution: "deep-is@npm:0.1.4"
  checksum: edb65dd0d7d1b9c40b2f50219aef30e116cedd6fc79290e740972c132c09106d2e80aa0bc8826673dd5a00222d4179c84b36a790eef63a4c4bca75a37ef90804
  languageName: node
  linkType: hard

"doctrine@npm:^3.0.0":
  version: 3.0.0
  resolution: "doctrine@npm:3.0.0"
  dependencies:
    esutils: ^2.0.2
  checksum: fd7673ca77fe26cd5cba38d816bc72d641f500f1f9b25b83e8ce28827fe2da7ad583a8da26ab6af85f834138cf8dae9f69b0cd6ab925f52ddab1754db44d99ce
  languageName: node
  linkType: hard

"esbuild-android-arm64@npm:0.14.17":
  version: 0.14.17
  resolution: "esbuild-android-arm64@npm:0.14.17"
  conditions: os=android & cpu=arm64
  languageName: node
  linkType: hard

"esbuild-darwin-64@npm:0.14.17":
  version: 0.14.17
  resolution: "esbuild-darwin-64@npm:0.14.17"
  conditions: os=darwin & cpu=x64
  languageName: node
  linkType: hard

"esbuild-darwin-arm64@npm:0.14.17":
  version: 0.14.17
  resolution: "esbuild-darwin-arm64@npm:0.14.17"
  conditions: os=darwin & cpu=arm64
  languageName: node
  linkType: hard

"esbuild-freebsd-64@npm:0.14.17":
  version: 0.14.17
  resolution: "esbuild-freebsd-64@npm:0.14.17"
  conditions: os=freebsd & cpu=x64
  languageName: node
  linkType: hard

"esbuild-freebsd-arm64@npm:0.14.17":
  version: 0.14.17
  resolution: "esbuild-freebsd-arm64@npm:0.14.17"
  conditions: os=freebsd & cpu=arm64
  languageName: node
  linkType: hard

"esbuild-linux-32@npm:0.14.17":
  version: 0.14.17
  resolution: "esbuild-linux-32@npm:0.14.17"
  conditions: os=linux & cpu=ia32
  languageName: node
  linkType: hard

"esbuild-linux-64@npm:0.14.17":
  version: 0.14.17
  resolution: "esbuild-linux-64@npm:0.14.17"
  conditions: os=linux & cpu=x64
  languageName: node
  linkType: hard

"esbuild-linux-arm64@npm:0.14.17":
  version: 0.14.17
  resolution: "esbuild-linux-arm64@npm:0.14.17"
  conditions: os=linux & cpu=arm64
  languageName: node
  linkType: hard

"esbuild-linux-arm@npm:0.14.17":
  version: 0.14.17
  resolution: "esbuild-linux-arm@npm:0.14.17"
  conditions: os=linux & cpu=arm
  languageName: node
  linkType: hard

"esbuild-linux-mips64le@npm:0.14.17":
  version: 0.14.17
  resolution: "esbuild-linux-mips64le@npm:0.14.17"
  conditions: os=linux & cpu=mips64el
  languageName: node
  linkType: hard

"esbuild-linux-ppc64le@npm:0.14.17":
  version: 0.14.17
  resolution: "esbuild-linux-ppc64le@npm:0.14.17"
  conditions: os=linux & cpu=ppc64
  languageName: node
  linkType: hard

"esbuild-linux-s390x@npm:0.14.17":
  version: 0.14.17
  resolution: "esbuild-linux-s390x@npm:0.14.17"
  conditions: os=linux & cpu=s390x
  languageName: node
  linkType: hard

"esbuild-netbsd-64@npm:0.14.17":
  version: 0.14.17
  resolution: "esbuild-netbsd-64@npm:0.14.17"
  conditions: os=netbsd & cpu=x64
  languageName: node
  linkType: hard

"esbuild-openbsd-64@npm:0.14.17":
  version: 0.14.17
  resolution: "esbuild-openbsd-64@npm:0.14.17"
  conditions: os=openbsd & cpu=x64
  languageName: node
  linkType: hard

"esbuild-sunos-64@npm:0.14.17":
  version: 0.14.17
  resolution: "esbuild-sunos-64@npm:0.14.17"
  conditions: os=sunos & cpu=x64
  languageName: node
  linkType: hard

"esbuild-windows-32@npm:0.14.17":
  version: 0.14.17
  resolution: "esbuild-windows-32@npm:0.14.17"
  conditions: os=win32 & cpu=ia32
  languageName: node
  linkType: hard

"esbuild-windows-64@npm:0.14.17":
  version: 0.14.17
  resolution: "esbuild-windows-64@npm:0.14.17"
  conditions: os=win32 & cpu=x64
  languageName: node
  linkType: hard

"esbuild-windows-arm64@npm:0.14.17":
  version: 0.14.17
  resolution: "esbuild-windows-arm64@npm:0.14.17"
  conditions: os=win32 & cpu=arm64
  languageName: node
  linkType: hard

"esbuild@npm:^0.14.13":
  version: 0.14.17
  resolution: "esbuild@npm:0.14.17"
  dependencies:
    esbuild-android-arm64: 0.14.17
    esbuild-darwin-64: 0.14.17
    esbuild-darwin-arm64: 0.14.17
    esbuild-freebsd-64: 0.14.17
    esbuild-freebsd-arm64: 0.14.17
    esbuild-linux-32: 0.14.17
    esbuild-linux-64: 0.14.17
    esbuild-linux-arm: 0.14.17
    esbuild-linux-arm64: 0.14.17
    esbuild-linux-mips64le: 0.14.17
    esbuild-linux-ppc64le: 0.14.17
    esbuild-linux-s390x: 0.14.17
    esbuild-netbsd-64: 0.14.17
    esbuild-openbsd-64: 0.14.17
    esbuild-sunos-64: 0.14.17
    esbuild-windows-32: 0.14.17
    esbuild-windows-64: 0.14.17
    esbuild-windows-arm64: 0.14.17
  dependenciesMeta:
    esbuild-android-arm64:
      optional: true
    esbuild-darwin-64:
      optional: true
    esbuild-darwin-arm64:
      optional: true
    esbuild-freebsd-64:
      optional: true
    esbuild-freebsd-arm64:
      optional: true
    esbuild-linux-32:
      optional: true
    esbuild-linux-64:
      optional: true
    esbuild-linux-arm:
      optional: true
    esbuild-linux-arm64:
      optional: true
    esbuild-linux-mips64le:
      optional: true
    esbuild-linux-ppc64le:
      optional: true
    esbuild-linux-s390x:
      optional: true
    esbuild-netbsd-64:
      optional: true
    esbuild-openbsd-64:
      optional: true
    esbuild-sunos-64:
      optional: true
    esbuild-windows-32:
      optional: true
    esbuild-windows-64:
      optional: true
    esbuild-windows-arm64:
      optional: true
  bin:
    esbuild: bin/esbuild
  checksum: dc4a8804ed2464ceb6c3f9c66b8c396c2eecac78f2817a4048a8185f5182a8d7854a0ede9d0fedfbe3fd9178e82ea1058b22132ba6bb1b3796032cfe1204f269
  languageName: node
  linkType: hard

"escape-string-regexp@npm:^4.0.0":
  version: 4.0.0
  resolution: "escape-string-regexp@npm:4.0.0"
  checksum: 98b48897d93060f2322108bf29db0feba7dd774be96cd069458d1453347b25ce8682ecc39859d4bca2203cc0ab19c237bcc71755eff49a0f8d90beadeeba5cc5
  languageName: node
  linkType: hard

"eslint-scope@npm:^7.1.0":
  version: 7.1.0
  resolution: "eslint-scope@npm:7.1.0"
  dependencies:
    esrecurse: ^4.3.0
    estraverse: ^5.2.0
  checksum: 2070470a0725438ed47075b2574a4c03cf59aa32648da8cff9e3548c84f6b0079cfdb9ee1dd7ab0bfe97011f64b2af5bfd4b69cf14a1292130dec661eec7914a
  languageName: node
  linkType: hard

"eslint-utils@npm:^3.0.0":
  version: 3.0.0
  resolution: "eslint-utils@npm:3.0.0"
  dependencies:
    eslint-visitor-keys: ^2.0.0
  peerDependencies:
    eslint: ">=5"
  checksum: 0668fe02f5adab2e5a367eee5089f4c39033af20499df88fe4e6aba2015c20720404d8c3d6349b6f716b08fdf91b9da4e5d5481f265049278099c4c836ccb619
  languageName: node
  linkType: hard

"eslint-visitor-keys@npm:^2.0.0":
  version: 2.1.0
  resolution: "eslint-visitor-keys@npm:2.1.0"
  checksum: e3081d7dd2611a35f0388bbdc2f5da60b3a3c5b8b6e928daffff7391146b434d691577aa95064c8b7faad0b8a680266bcda0a42439c18c717b80e6718d7e267d
  languageName: node
  linkType: hard

"eslint-visitor-keys@npm:^3.1.0, eslint-visitor-keys@npm:^3.2.0":
  version: 3.2.0
  resolution: "eslint-visitor-keys@npm:3.2.0"
  checksum: fdadbb26f9e6417d3db7ad4f00bb0d573b6031c32fa72e8cdae32d038223faaeddff2ee443c90cb489bf774e75bff765c00912b8f9106d65e4f202ccd78c1b18
  languageName: node
  linkType: hard

"eslint@npm:^8.2.0":
  version: 8.8.0
  resolution: "eslint@npm:8.8.0"
  dependencies:
    "@eslint/eslintrc": ^1.0.5
    "@humanwhocodes/config-array": ^0.9.2
    ajv: ^6.10.0
    chalk: ^4.0.0
    cross-spawn: ^7.0.2
    debug: ^4.3.2
    doctrine: ^3.0.0
    escape-string-regexp: ^4.0.0
    eslint-scope: ^7.1.0
    eslint-utils: ^3.0.0
    eslint-visitor-keys: ^3.2.0
    espree: ^9.3.0
    esquery: ^1.4.0
    esutils: ^2.0.2
    fast-deep-equal: ^3.1.3
    file-entry-cache: ^6.0.1
    functional-red-black-tree: ^1.0.1
    glob-parent: ^6.0.1
    globals: ^13.6.0
    ignore: ^5.2.0
    import-fresh: ^3.0.0
    imurmurhash: ^0.1.4
    is-glob: ^4.0.0
    js-yaml: ^4.1.0
    json-stable-stringify-without-jsonify: ^1.0.1
    levn: ^0.4.1
    lodash.merge: ^4.6.2
    minimatch: ^3.0.4
    natural-compare: ^1.4.0
    optionator: ^0.9.1
    regexpp: ^3.2.0
    strip-ansi: ^6.0.1
    strip-json-comments: ^3.1.0
    text-table: ^0.2.0
    v8-compile-cache: ^2.0.3
  bin:
    eslint: bin/eslint.js
  checksum: 41a7e85bf84cf9f2d758ef3e8d08020a39a2836703728b59535684681349bd021c2c6e24174462b844a914870d707d2151e0371198899d957b444de91adaa435
  languageName: node
  linkType: hard

"espree@npm:^9.2.0, espree@npm:^9.3.0":
  version: 9.3.0
  resolution: "espree@npm:9.3.0"
  dependencies:
    acorn: ^8.7.0
    acorn-jsx: ^5.3.1
    eslint-visitor-keys: ^3.1.0
  checksum: c0f1885c4eab652f9be08eb9228cea0df046b559b29d4aed8d6590ea9bd60177d4cb245d204a6f737a79a096861bb4ab8e480aeb8c1dbafef5beec1157353ce4
  languageName: node
  linkType: hard

"esquery@npm:^1.4.0":
  version: 1.4.0
  resolution: "esquery@npm:1.4.0"
  dependencies:
    estraverse: ^5.1.0
  checksum: a0807e17abd7fbe5fbd4fab673038d6d8a50675cdae6b04fbaa520c34581be0c5fa24582990e8acd8854f671dd291c78bb2efb9e0ed5b62f33bac4f9cf820210
  languageName: node
  linkType: hard

"esrecurse@npm:^4.3.0":
  version: 4.3.0
  resolution: "esrecurse@npm:4.3.0"
  dependencies:
    estraverse: ^5.2.0
  checksum: ebc17b1a33c51cef46fdc28b958994b1dc43cd2e86237515cbc3b4e5d2be6a811b2315d0a1a4d9d340b6d2308b15322f5c8291059521cc5f4802f65e7ec32837
  languageName: node
  linkType: hard

"estraverse@npm:^5.1.0, estraverse@npm:^5.2.0":
  version: 5.3.0
  resolution: "estraverse@npm:5.3.0"
  checksum: 072780882dc8416ad144f8fe199628d2b3e7bbc9989d9ed43795d2c90309a2047e6bc5979d7e2322a341163d22cfad9e21f4110597fe487519697389497e4e2b
  languageName: node
  linkType: hard

"esutils@npm:^2.0.2":
  version: 2.0.3
  resolution: "esutils@npm:2.0.3"
  checksum: 22b5b08f74737379a840b8ed2036a5fb35826c709ab000683b092d9054e5c2a82c27818f12604bfc2a9a76b90b6834ef081edbc1c7ae30d1627012e067c6ec87
  languageName: node
  linkType: hard

"eventemitter3@npm:^4.0.7":
  version: 4.0.7
  resolution: "eventemitter3@npm:4.0.7"
  checksum: 1875311c42fcfe9c707b2712c32664a245629b42bb0a5a84439762dd0fd637fc54d078155ea83c2af9e0323c9ac13687e03cfba79b03af9f40c89b4960099374
  languageName: node
  linkType: hard

"fast-deep-equal@npm:^3.1.1, fast-deep-equal@npm:^3.1.3":
  version: 3.1.3
  resolution: "fast-deep-equal@npm:3.1.3"
  checksum: e21a9d8d84f53493b6aa15efc9cfd53dd5b714a1f23f67fb5dc8f574af80df889b3bce25dc081887c6d25457cce704e636395333abad896ccdec03abaf1f3f9d
  languageName: node
  linkType: hard

"fast-json-stable-stringify@npm:^2.0.0":
  version: 2.1.0
  resolution: "fast-json-stable-stringify@npm:2.1.0"
  checksum: b191531e36c607977e5b1c47811158733c34ccb3bfde92c44798929e9b4154884378536d26ad90dfecd32e1ffc09c545d23535ad91b3161a27ddbb8ebe0cbecb
  languageName: node
  linkType: hard

"fast-levenshtein@npm:^2.0.6":
  version: 2.0.6
  resolution: "fast-levenshtein@npm:2.0.6"
  checksum: 92cfec0a8dfafd9c7a15fba8f2cc29cd0b62b85f056d99ce448bbcd9f708e18ab2764bda4dd5158364f4145a7c72788538994f0d1787b956ef0d1062b0f7c24c
  languageName: node
  linkType: hard

"file-entry-cache@npm:^6.0.1":
  version: 6.0.1
  resolution: "file-entry-cache@npm:6.0.1"
  dependencies:
    flat-cache: ^3.0.4
  checksum: f49701feaa6314c8127c3c2f6173cfefff17612f5ed2daaafc6da13b5c91fd43e3b2a58fd0d63f9f94478a501b167615931e7200e31485e320f74a33885a9c74
  languageName: node
  linkType: hard

"flat-cache@npm:^3.0.4":
  version: 3.0.4
  resolution: "flat-cache@npm:3.0.4"
  dependencies:
    flatted: ^3.1.0
    rimraf: ^3.0.2
  checksum: 4fdd10ecbcbf7d520f9040dd1340eb5dfe951e6f0ecf2252edeec03ee68d989ec8b9a20f4434270e71bcfd57800dc09b3344fca3966b2eb8f613072c7d9a2365
  languageName: node
  linkType: hard

"flatted@npm:^3.1.0":
  version: 3.2.5
  resolution: "flatted@npm:3.2.5"
  checksum: 3c436e9695ccca29620b4be5671dd72e5dd0a7500e0856611b7ca9bd8169f177f408c3b9abfa78dfe1493ee2d873e2c119080a8a9bee4e1a186a9e60ca6c89f1
  languageName: node
  linkType: hard

"fs.realpath@npm:^1.0.0":
  version: 1.0.0
  resolution: "fs.realpath@npm:1.0.0"
  checksum: 99ddea01a7e75aa276c250a04eedeffe5662bce66c65c07164ad6264f9de18fb21be9433ead460e54cff20e31721c811f4fb5d70591799df5f85dce6d6746fd0
  languageName: node
  linkType: hard

"functional-red-black-tree@npm:^1.0.1":
  version: 1.0.1
  resolution: "functional-red-black-tree@npm:1.0.1"
  checksum: ca6c170f37640e2d94297da8bb4bf27a1d12bea3e00e6a3e007fd7aa32e37e000f5772acf941b4e4f3cf1c95c3752033d0c509af157ad8f526e7f00723b9eb9f
  languageName: node
  linkType: hard

"glob-parent@npm:^6.0.1":
  version: 6.0.2
  resolution: "glob-parent@npm:6.0.2"
  dependencies:
    is-glob: ^4.0.3
  checksum: c13ee97978bef4f55106b71e66428eb1512e71a7466ba49025fc2aec59a5bfb0954d5abd58fc5ee6c9b076eef4e1f6d3375c2e964b88466ca390da4419a786a8
  languageName: node
  linkType: hard

"glob@npm:^7.1.3":
  version: 7.2.0
  resolution: "glob@npm:7.2.0"
  dependencies:
    fs.realpath: ^1.0.0
    inflight: ^1.0.4
    inherits: 2
    minimatch: ^3.0.4
    once: ^1.3.0
    path-is-absolute: ^1.0.0
  checksum: 78a8ea942331f08ed2e055cb5b9e40fe6f46f579d7fd3d694f3412fe5db23223d29b7fee1575440202e9a7ff9a72ab106a39fee39934c7bedafe5e5f8ae20134
  languageName: node
  linkType: hard

"globals@npm:^13.6.0, globals@npm:^13.9.0":
  version: 13.12.1
  resolution: "globals@npm:13.12.1"
  dependencies:
    type-fest: ^0.20.2
  checksum: cf7877629c8f2a293b0a7d09d1dcce7f2d426ec2528600c481c5b3f3d070b0a120eb2499439ac0404990fb8a5742c0165b1bf1f52603364001ddc89bea3dda24
  languageName: node
  linkType: hard

"has-flag@npm:^4.0.0":
  version: 4.0.0
  resolution: "has-flag@npm:4.0.0"
  checksum: 261a1357037ead75e338156b1f9452c016a37dcd3283a972a30d9e4a87441ba372c8b81f818cd0fbcd9c0354b4ae7e18b9e1afa1971164aef6d18c2b6095a8ad
  languageName: node
  linkType: hard

"idb-keyval@npm:^6.0.3":
  version: 6.1.0
  resolution: "idb-keyval@npm:6.1.0"
  dependencies:
    safari-14-idb-fix: ^3.0.0
  checksum: 431a7467739f0279e6af5f36c408f4c83e71ad0a892296d11360e5f2eaac8948da274783946b51c46847d8286570cc9d95d2e54b3cde351749d47bba419c25fc
  languageName: node
  linkType: hard

"ignore@npm:^4.0.6":
  version: 4.0.6
  resolution: "ignore@npm:4.0.6"
  checksum: 248f82e50a430906f9ee7f35e1158e3ec4c3971451dd9f99c9bc1548261b4db2b99709f60ac6c6cac9333494384176cc4cc9b07acbe42d52ac6a09cad734d800
  languageName: node
  linkType: hard

"ignore@npm:^5.2.0":
  version: 5.2.0
  resolution: "ignore@npm:5.2.0"
  checksum: 6b1f926792d614f64c6c83da3a1f9c83f6196c2839aa41e1e32dd7b8d174cef2e329d75caabb62cb61ce9dc432f75e67d07d122a037312db7caa73166a1bdb77
  languageName: node
  linkType: hard

"import-fresh@npm:^3.0.0, import-fresh@npm:^3.2.1":
  version: 3.3.0
  resolution: "import-fresh@npm:3.3.0"
  dependencies:
    parent-module: ^1.0.0
    resolve-from: ^4.0.0
  checksum: 2cacfad06e652b1edc50be650f7ec3be08c5e5a6f6d12d035c440a42a8cc028e60a5b99ca08a77ab4d6b1346da7d971915828f33cdab730d3d42f08242d09baa
  languageName: node
  linkType: hard

"imurmurhash@npm:^0.1.4":
  version: 0.1.4
  resolution: "imurmurhash@npm:0.1.4"
  checksum: 7cae75c8cd9a50f57dadd77482359f659eaebac0319dd9368bcd1714f55e65badd6929ca58569da2b6494ef13fdd5598cd700b1eba23f8b79c5f19d195a3ecf7
  languageName: node
  linkType: hard

"inflight@npm:^1.0.4":
  version: 1.0.6
  resolution: "inflight@npm:1.0.6"
  dependencies:
    once: ^1.3.0
    wrappy: 1
  checksum: f4f76aa072ce19fae87ce1ef7d221e709afb59d445e05d47fba710e85470923a75de35bfae47da6de1b18afc3ce83d70facf44cfb0aff89f0a3f45c0a0244dfd
  languageName: node
  linkType: hard

"inherits@npm:2":
  version: 2.0.4
  resolution: "inherits@npm:2.0.4"
  checksum: 4a48a733847879d6cf6691860a6b1e3f0f4754176e4d71494c41f3475553768b10f84b5ce1d40fbd0e34e6bfbb864ee35858ad4dd2cf31e02fc4a154b724d7f1
  languageName: node
  linkType: hard

"is-extglob@npm:^2.1.1":
  version: 2.1.1
  resolution: "is-extglob@npm:2.1.1"
  checksum: df033653d06d0eb567461e58a7a8c9f940bd8c22274b94bf7671ab36df5719791aae15eef6d83bbb5e23283967f2f984b8914559d4449efda578c775c4be6f85
  languageName: node
  linkType: hard

"is-glob@npm:^4.0.0, is-glob@npm:^4.0.3":
  version: 4.0.3
  resolution: "is-glob@npm:4.0.3"
  dependencies:
    is-extglob: ^2.1.1
  checksum: d381c1319fcb69d341cc6e6c7cd588e17cd94722d9a32dbd60660b993c4fb7d0f19438674e68dfec686d09b7c73139c9166b47597f846af387450224a8101ab4
  languageName: node
  linkType: hard

"isexe@npm:^2.0.0":
  version: 2.0.0
  resolution: "isexe@npm:2.0.0"
  checksum: 26bf6c5480dda5161c820c5b5c751ae1e766c587b1f951ea3fcfc973bafb7831ae5b54a31a69bd670220e42e99ec154475025a468eae58ea262f813fdc8d1c62
  languageName: node
  linkType: hard

"js-yaml@npm:^4.1.0":
  version: 4.1.0
  resolution: "js-yaml@npm:4.1.0"
  dependencies:
    argparse: ^2.0.1
  bin:
    js-yaml: bin/js-yaml.js
  checksum: c7830dfd456c3ef2c6e355cc5a92e6700ceafa1d14bba54497b34a99f0376cecbb3e9ac14d3e5849b426d5a5140709a66237a8c991c675431271c4ce5504151a
  languageName: node
  linkType: hard

"json-schema-traverse@npm:^0.4.1":
  version: 0.4.1
  resolution: "json-schema-traverse@npm:0.4.1"
  checksum: 7486074d3ba247769fda17d5181b345c9fb7d12e0da98b22d1d71a5db9698d8b4bd900a3ec1a4ffdd60846fc2556274a5c894d0c48795f14cb03aeae7b55260b
  languageName: node
  linkType: hard

"json-stable-stringify-without-jsonify@npm:^1.0.1":
  version: 1.0.1
  resolution: "json-stable-stringify-without-jsonify@npm:1.0.1"
  checksum: cff44156ddce9c67c44386ad5cddf91925fe06b1d217f2da9c4910d01f358c6e3989c4d5a02683c7a5667f9727ff05831f7aa8ae66c8ff691c556f0884d49215
  languageName: node
  linkType: hard

"levn@npm:^0.4.1":
  version: 0.4.1
  resolution: "levn@npm:0.4.1"
  dependencies:
    prelude-ls: ^1.2.1
    type-check: ~0.4.0
  checksum: 12c5021c859bd0f5248561bf139121f0358285ec545ebf48bb3d346820d5c61a4309535c7f387ed7d84361cf821e124ce346c6b7cef8ee09a67c1473b46d0fc4
  languageName: node
  linkType: hard

"lodash.merge@npm:^4.6.2":
  version: 4.6.2
  resolution: "lodash.merge@npm:4.6.2"
  checksum: ad580b4bdbb7ca1f7abf7e1bce63a9a0b98e370cf40194b03380a46b4ed799c9573029599caebc1b14e3f24b111aef72b96674a56cfa105e0f5ac70546cdc005
  languageName: node
  linkType: hard

"minimatch@npm:^3.0.4":
  version: 3.0.4
  resolution: "minimatch@npm:3.0.4"
  dependencies:
    brace-expansion: ^1.1.7
  checksum: 66ac295f8a7b59788000ea3749938b0970344c841750abd96694f80269b926ebcafad3deeb3f1da2522978b119e6ae3a5869b63b13a7859a456b3408bd18a078
  languageName: node
  linkType: hard

"misskey-js@npm:0.0.14":
  version: 0.0.14
  resolution: "misskey-js@npm:0.0.14"
  dependencies:
    autobind-decorator: ^2.4.0
    eventemitter3: ^4.0.7
    reconnecting-websocket: ^4.4.0
  checksum: 2e2f5560f569e7a66d7bd6b6ea49a3ab83f53a44a05d6b15951b58f4aa178272ab720a2205f2b2103246b431650c899efd372f03ecf70c512b5c06ccc79c6b41
  languageName: node
  linkType: hard

"ms@npm:2.1.2":
  version: 2.1.2
  resolution: "ms@npm:2.1.2"
  checksum: 673cdb2c3133eb050c745908d8ce632ed2c02d85640e2edb3ace856a2266a813b30c613569bf3354fdf4ea7d1a1494add3bfa95e2713baa27d0c2c71fc44f58f
  languageName: node
  linkType: hard

"natural-compare@npm:^1.4.0":
  version: 1.4.0
  resolution: "natural-compare@npm:1.4.0"
  checksum: 23ad088b08f898fc9b53011d7bb78ec48e79de7627e01ab5518e806033861bef68d5b0cd0e2205c2f36690ac9571ff6bcb05eb777ced2eeda8d4ac5b44592c3d
  languageName: node
  linkType: hard

"once@npm:^1.3.0":
  version: 1.4.0
  resolution: "once@npm:1.4.0"
  dependencies:
    wrappy: 1
  checksum: cd0a88501333edd640d95f0d2700fbde6bff20b3d4d9bdc521bdd31af0656b5706570d6c6afe532045a20bb8dc0849f8332d6f2a416e0ba6d3d3b98806c7db68
  languageName: node
  linkType: hard

"optionator@npm:^0.9.1":
  version: 0.9.1
  resolution: "optionator@npm:0.9.1"
  dependencies:
    deep-is: ^0.1.3
    fast-levenshtein: ^2.0.6
    levn: ^0.4.1
    prelude-ls: ^1.2.1
    type-check: ^0.4.0
    word-wrap: ^1.2.3
  checksum: dbc6fa065604b24ea57d734261914e697bd73b69eff7f18e967e8912aa2a40a19a9f599a507fa805be6c13c24c4eae8c71306c239d517d42d4c041c942f508a0
  languageName: node
  linkType: hard

"parent-module@npm:^1.0.0":
  version: 1.0.1
  resolution: "parent-module@npm:1.0.1"
  dependencies:
    callsites: ^3.0.0
  checksum: 6ba8b255145cae9470cf5551eb74be2d22281587af787a2626683a6c20fbb464978784661478dd2a3f1dad74d1e802d403e1b03c1a31fab310259eec8ac560ff
  languageName: node
  linkType: hard

"path-is-absolute@npm:^1.0.0":
  version: 1.0.1
  resolution: "path-is-absolute@npm:1.0.1"
  checksum: 060840f92cf8effa293bcc1bea81281bd7d363731d214cbe5c227df207c34cd727430f70c6037b5159c8a870b9157cba65e775446b0ab06fd5ecc7e54615a3b8
  languageName: node
  linkType: hard

"path-key@npm:^3.1.0":
  version: 3.1.1
  resolution: "path-key@npm:3.1.1"
  checksum: 55cd7a9dd4b343412a8386a743f9c746ef196e57c823d90ca3ab917f90ab9f13dd0ded27252ba49dbdfcab2b091d998bc446f6220cd3cea65db407502a740020
  languageName: node
  linkType: hard

"prelude-ls@npm:^1.2.1":
  version: 1.2.1
  resolution: "prelude-ls@npm:1.2.1"
  checksum: cd192ec0d0a8e4c6da3bb80e4f62afe336df3f76271ac6deb0e6a36187133b6073a19e9727a1ff108cd8b9982e4768850d413baa71214dd80c7979617dca827a
  languageName: node
  linkType: hard

"punycode@npm:^2.1.0":
  version: 2.1.1
  resolution: "punycode@npm:2.1.1"
  checksum: 823bf443c6dd14f669984dea25757b37993f67e8d94698996064035edd43bed8a5a17a9f12e439c2b35df1078c6bec05a6c86e336209eb1061e8025c481168e8
  languageName: node
  linkType: hard

"reconnecting-websocket@npm:^4.4.0":
  version: 4.4.0
  resolution: "reconnecting-websocket@npm:4.4.0"
  checksum: 7ee379ff3a4bddf9d47fb6f3fb2d9450865f0ed2d91f003e6d0c12c901e8c135379a143a933e7bed7bc33133f04bdaed534bd68591c95730044dc69d32da4866
  languageName: node
  linkType: hard

"regexpp@npm:^3.2.0":
  version: 3.2.0
  resolution: "regexpp@npm:3.2.0"
  checksum: a78dc5c7158ad9ddcfe01aa9144f46e192ddbfa7b263895a70a5c6c73edd9ce85faf7c0430e59ac38839e1734e275b9c3de5c57ee3ab6edc0e0b1bdebefccef8
  languageName: node
  linkType: hard

"resolve-from@npm:^4.0.0":
  version: 4.0.0
  resolution: "resolve-from@npm:4.0.0"
  checksum: f4ba0b8494846a5066328ad33ef8ac173801a51739eb4d63408c847da9a2e1c1de1e6cbbf72699211f3d13f8fc1325648b169bd15eb7da35688e30a5fb0e4a7f
  languageName: node
  linkType: hard

"rimraf@npm:^3.0.2":
  version: 3.0.2
  resolution: "rimraf@npm:3.0.2"
  dependencies:
    glob: ^7.1.3
  bin:
    rimraf: bin.js
  checksum: 87f4164e396f0171b0a3386cc1877a817f572148ee13a7e113b238e48e8a9f2f31d009a92ec38a591ff1567d9662c6b67fd8818a2dbbaed74bc26a87a2a4a9a0
  languageName: node
  linkType: hard

"root-workspace-0b6124@workspace:.":
  version: 0.0.0-use.local
  resolution: "root-workspace-0b6124@workspace:."
  dependencies:
    esbuild: ^0.14.13
    eslint: ^8.2.0
    idb-keyval: ^6.0.3
    misskey-js: 0.0.14
  languageName: unknown
  linkType: soft

"safari-14-idb-fix@npm:^3.0.0":
  version: 3.0.0
  resolution: "safari-14-idb-fix@npm:3.0.0"
  checksum: 30d5baf3d9a17b52842b2c3fd3f0001fde7095a36191b6140ac78c19e8e1ff4b2607b9beb3b066c6bec107ccb5399c96e29748a6f5fcd592425f806f5e36f759
  languageName: node
  linkType: hard

"shebang-command@npm:^2.0.0":
  version: 2.0.0
  resolution: "shebang-command@npm:2.0.0"
  dependencies:
    shebang-regex: ^3.0.0
  checksum: 6b52fe87271c12968f6a054e60f6bde5f0f3d2db483a1e5c3e12d657c488a15474121a1d55cd958f6df026a54374ec38a4a963988c213b7570e1d51575cea7fa
  languageName: node
  linkType: hard

"shebang-regex@npm:^3.0.0":
  version: 3.0.0
  resolution: "shebang-regex@npm:3.0.0"
  checksum: 1a2bcae50de99034fcd92ad4212d8e01eedf52c7ec7830eedcf886622804fe36884278f2be8be0ea5fde3fd1c23911643a4e0f726c8685b61871c8908af01222
  languageName: node
  linkType: hard

"strip-ansi@npm:^6.0.1":
  version: 6.0.1
  resolution: "strip-ansi@npm:6.0.1"
  dependencies:
    ansi-regex: ^5.0.1
  checksum: f3cd25890aef3ba6e1a74e20896c21a46f482e93df4a06567cebf2b57edabb15133f1f94e57434e0a958d61186087b1008e89c94875d019910a213181a14fc8c
  languageName: node
  linkType: hard

"strip-json-comments@npm:^3.1.0, strip-json-comments@npm:^3.1.1":
  version: 3.1.1
  resolution: "strip-json-comments@npm:3.1.1"
  checksum: 492f73e27268f9b1c122733f28ecb0e7e8d8a531a6662efbd08e22cccb3f9475e90a1b82cab06a392f6afae6d2de636f977e231296400d0ec5304ba70f166443
  languageName: node
  linkType: hard

"supports-color@npm:^7.1.0":
  version: 7.2.0
  resolution: "supports-color@npm:7.2.0"
  dependencies:
    has-flag: ^4.0.0
  checksum: 3dda818de06ebbe5b9653e07842d9479f3555ebc77e9a0280caf5a14fb877ffee9ed57007c3b78f5a6324b8dbeec648d9e97a24e2ed9fdb81ddc69ea07100f4a
  languageName: node
  linkType: hard

"text-table@npm:^0.2.0":
  version: 0.2.0
  resolution: "text-table@npm:0.2.0"
  checksum: b6937a38c80c7f84d9c11dd75e49d5c44f71d95e810a3250bd1f1797fc7117c57698204adf676b71497acc205d769d65c16ae8fa10afad832ae1322630aef10a
  languageName: node
  linkType: hard

"type-check@npm:^0.4.0, type-check@npm:~0.4.0":
  version: 0.4.0
  resolution: "type-check@npm:0.4.0"
  dependencies:
    prelude-ls: ^1.2.1
  checksum: ec688ebfc9c45d0c30412e41ca9c0cdbd704580eb3a9ccf07b9b576094d7b86a012baebc95681999dd38f4f444afd28504cb3a89f2ef16b31d4ab61a0739025a
  languageName: node
  linkType: hard

"type-fest@npm:^0.20.2":
  version: 0.20.2
  resolution: "type-fest@npm:0.20.2"
  checksum: 4fb3272df21ad1c552486f8a2f8e115c09a521ad7a8db3d56d53718d0c907b62c6e9141ba5f584af3f6830d0872c521357e512381f24f7c44acae583ad517d73
  languageName: node
  linkType: hard

"uri-js@npm:^4.2.2":
  version: 4.4.1
  resolution: "uri-js@npm:4.4.1"
  dependencies:
    punycode: ^2.1.0
  checksum: 7167432de6817fe8e9e0c9684f1d2de2bb688c94388f7569f7dbdb1587c9f4ca2a77962f134ec90be0cc4d004c939ff0d05acc9f34a0db39a3c797dada262633
  languageName: node
  linkType: hard

"v8-compile-cache@npm:^2.0.3":
  version: 2.3.0
  resolution: "v8-compile-cache@npm:2.3.0"
  checksum: adb0a271eaa2297f2f4c536acbfee872d0dd26ec2d76f66921aa7fc437319132773483344207bdbeee169225f4739016d8d2dbf0553913a52bb34da6d0334f8e
  languageName: node
  linkType: hard

"which@npm:^2.0.1":
  version: 2.0.2
  resolution: "which@npm:2.0.2"
  dependencies:
    isexe: ^2.0.0
  bin:
    node-which: ./bin/node-which
  checksum: 1a5c563d3c1b52d5f893c8b61afe11abc3bab4afac492e8da5bde69d550de701cf9806235f20a47b5c8fa8a1d6a9135841de2596535e998027a54589000e66d1
  languageName: node
  linkType: hard

"word-wrap@npm:^1.2.3":
  version: 1.2.3
  resolution: "word-wrap@npm:1.2.3"
  checksum: 30b48f91fcf12106ed3186ae4fa86a6a1842416df425be7b60485de14bec665a54a68e4b5156647dec3a70f25e84d270ca8bc8cd23182ed095f5c7206a938c1f
  languageName: node
  linkType: hard

"wrappy@npm:1":
  version: 1.0.2
  resolution: "wrappy@npm:1.0.2"
  checksum: 159da4805f7e84a3d003d8841557196034155008f817172d4e986bd591f74aa82aa7db55929a54222309e01079a65a92a9e6414da5a6aa4b01ee44a511ac3ee5
  languageName: node
  linkType: hard
